// !$*UTF8*$!
{
	archiveVersion = 1;
	classes = {
	};
	objectVersion = 56;
	objects = {

/* Begin PBXBuildFile section */
		001 /* main.cpp in Sources */ = {isa = PBXBuildFile; fileRef = 101 /* main.cpp */; };
		002 /* openxr_program.cpp in Sources */ = {isa = PBXBuildFile; fileRef = 102 /* openxr_program.cpp */; };
		003 /* logger.cpp in Sources */ = {isa = PBXBuildFile; fileRef = 103 /* logger.cpp */; };
		004 /* pch.cpp in Sources */ = {isa = PBXBuildFile; fileRef = 104 /* pch.cpp */; };
		005 /* graphicsplugin_factory.cpp in Sources */ = {isa = PBXBuildFile; fileRef = 105 /* graphicsplugin_factory.cpp */; };
		006 /* graphicsplugin_metal.cpp in Sources */ = {isa = PBXBuildFile; fileRef = 106 /* graphicsplugin_metal.cpp */; };
		007 /* graphicsplugin_opengles.cpp in Sources */ = {isa = PBXBuildFile; fileRef = 107 /* graphicsplugin_opengles.cpp */; };
		008 /* graphicsplugin_vulkan.cpp in Sources */ = {isa = PBXBuildFile; fileRef = 108 /* graphicsplugin_vulkan.cpp */; };
		009 /* platformplugin_factory.cpp in Sources */ = {isa = PBXBuildFile; fileRef = 109 /* platformplugin_factory.cpp */; };
		010 /* platformplugin_posix.cpp in Sources */ = {isa = PBXBuildFile; fileRef = 110 /* platformplugin_posix.cpp */; };
		011 /* libopenxr_monado_unified.a in Frameworks */ = {isa = PBXBuildFile; fileRef = 201 /* libopenxr_monado_unified.a */; };
		012 /* ARKit.framework in Frameworks */ = {isa = PBXBuildFile; fileRef = 301 /* ARKit.framework */; };
		013 /* Metal.framework in Frameworks */ = {isa = PBXBuildFile; fileRef = 302 /* Metal.framework */; };
		014 /* MetalKit.framework in Frameworks */ = {isa = PBXBuildFile; fileRef = 303 /* MetalKit.framework */; };
		015 /* QuartzCore.framework in Frameworks */ = {isa = PBXBuildFile; fileRef = 304 /* QuartzCore.framework */; };
		016 /* AVFoundation.framework in Frameworks */ = {isa = PBXBuildFile; fileRef = 305 /* AVFoundation.framework */; };
		017 /* CoreMotion.framework in Frameworks */ = {isa = PBXBuildFile; fileRef = 306 /* CoreMotion.framework */; };
		018 /* Foundation.framework in Frameworks */ = {isa = PBXBuildFile; fileRef = 307 /* Foundation.framework */; };
		019 /* UIKit.framework in Frameworks */ = {isa = PBXBuildFile; fileRef = 308 /* UIKit.framework */; };
		020 /* libMoltenVK.a in Frameworks */ = {isa = PBXBuildFile; fileRef = 309 /* libMoltenVK.a */; };
		021 /* libopenxr_loader.dylib in Frameworks */ = {isa = PBXBuildFile; fileRef = 310 /* libopenxr_loader.dylib */; };
		022 /* IOSurface.framework in Frameworks */ = {isa = PBXBuildFile; fileRef = 311 /* IOSurface.framework */; };
		023 /* CoreGraphics.framework in Frameworks */ = {isa = PBXBuildFile; fileRef = 312 /* CoreGraphics.framework */; };
/* End PBXBuildFile section */

/* Begin PBXFileReference section */
		101 /* main.cpp */ = {isa = PBXFileReference; lastKnownFileType = sourcecode.cpp.cpp; name = main.cpp; path = main.cpp; sourceTree = "<group>"; };
		102 /* openxr_program.cpp */ = {isa = PBXFileReference; lastKnownFileType = sourcecode.cpp.cpp; name = openxr_program.cpp; path = openxr_program.cpp; sourceTree = "<group>"; };
		103 /* logger.cpp */ = {isa = PBXFileReference; lastKnownFileType = sourcecode.cpp.cpp; name = logger.cpp; path = logger.cpp; sourceTree = "<group>"; };
		104 /* pch.cpp */ = {isa = PBXFileReference; lastKnownFileType = sourcecode.cpp.cpp; name = pch.cpp; path = pch.cpp; sourceTree = "<group>"; };
		105 /* graphicsplugin_factory.cpp */ = {isa = PBXFileReference; lastKnownFileType = sourcecode.cpp.cpp; name = graphicsplugin_factory.cpp; path = graphicsplugin_factory.cpp; sourceTree = "<group>"; };
		106 /* graphicsplugin_metal.cpp */ = {isa = PBXFileReference; lastKnownFileType = sourcecode.cpp.cpp; name = graphicsplugin_metal.cpp; path = graphicsplugin_metal.cpp; sourceTree = "<group>"; };
		107 /* graphicsplugin_opengles.cpp */ = {isa = PBXFileReference; lastKnownFileType = sourcecode.cpp.cpp; name = graphicsplugin_opengles.cpp; path = graphicsplugin_opengles.cpp; sourceTree = "<group>"; };
		108 /* graphicsplugin_vulkan.cpp */ = {isa = PBXFileReference; lastKnownFileType = sourcecode.cpp.cpp; name = graphicsplugin_vulkan.cpp; path = graphicsplugin_vulkan.cpp; sourceTree = "<group>"; };
		109 /* platformplugin_factory.cpp */ = {isa = PBXFileReference; lastKnownFileType = sourcecode.cpp.cpp; name = platformplugin_factory.cpp; path = platformplugin_factory.cpp; sourceTree = "<group>"; };
		110 /* platformplugin_posix.cpp */ = {isa = PBXFileReference; lastKnownFileType = sourcecode.cpp.cpp; name = platformplugin_posix.cpp; path = platformplugin_posix.cpp; sourceTree = "<group>"; };
		201 /* libopenxr_monado_unified.a */ = {isa = PBXFileReference; lastKnownFileType = archive.ar; name = libopenxr_monado_unified.a; path = libopenxr_monado_unified.a; sourceTree = "<group>"; };
		301 /* ARKit.framework */ = {isa = PBXFileReference; lastKnownFileType = wrapper.framework; name = ARKit.framework; path = System/Library/Frameworks/ARKit.framework; sourceTree = SDKROOT; };
		302 /* Metal.framework */ = {isa = PBXFileReference; lastKnownFileType = wrapper.framework; name = Metal.framework; path = System/Library/Frameworks/Metal.framework; sourceTree = SDKROOT; };
		303 /* MetalKit.framework */ = {isa = PBXFileReference; lastKnownFileType = wrapper.framework; name = MetalKit.framework; path = System/Library/Frameworks/MetalKit.framework; sourceTree = SDKROOT; };
		304 /* QuartzCore.framework */ = {isa = PBXFileReference; lastKnownFileType = wrapper.framework; name = QuartzCore.framework; path = System/Library/Frameworks/QuartzCore.framework; sourceTree = SDKROOT; };
		305 /* AVFoundation.framework */ = {isa = PBXFileReference; lastKnownFileType = wrapper.framework; name = AVFoundation.framework; path = System/Library/Frameworks/AVFoundation.framework; sourceTree = SDKROOT; };
		306 /* CoreMotion.framework */ = {isa = PBXFileReference; lastKnownFileType = wrapper.framework; name = CoreMotion.framework; path = System/Library/Frameworks/CoreMotion.framework; sourceTree = SDKROOT; };
		307 /* Foundation.framework */ = {isa = PBXFileReference; lastKnownFileType = wrapper.framework; name = Foundation.framework; path = System/Library/Frameworks/Foundation.framework; sourceTree = SDKROOT; };
		308 /* UIKit.framework */ = {isa = PBXFileReference; lastKnownFileType = wrapper.framework; name = UIKit.framework; path = System/Library/Frameworks/UIKit.framework; sourceTree = SDKROOT; };
		309 /* libMoltenVK.a */ = {isa = PBXFileReference; lastKnownFileType = archive.ar; name = libMoltenVK.a; path = "$(PROJECT_DIR)/../../../../external/MoltenVK/MoltenVK/static/MoltenVK.xcframework/ios-arm64/libMoltenVK.a"; sourceTree = "<absolute>"; };
		310 /* libopenxr_loader.dylib */ = {isa = PBXFileReference; lastKnownFileType = "compiled.mach-o.dylib"; name = libopenxr_loader.dylib; path = libopenxr_loader.dylib; sourceTree = "<group>"; };
		311 /* IOSurface.framework */ = {isa = PBXFileReference; lastKnownFileType = wrapper.framework; name = IOSurface.framework; path = System/Library/Frameworks/IOSurface.framework; sourceTree = SDKROOT; };
		312 /* CoreGraphics.framework */ = {isa = PBXFileReference; lastKnownFileType = wrapper.framework; name = CoreGraphics.framework; path = System/Library/Frameworks/CoreGraphics.framework; sourceTree = SDKROOT; };
		401 /* Info.plist */ = {isa = PBXFileReference; lastKnownFileType = text.plist.xml; path = Info.plist; sourceTree = "<group>"; };
		501 /* HelloXR.app */ = {isa = PBXFileReference; explicitFileType = wrapper.application; includeInIndex = 0; path = HelloXR.app; sourceTree = BUILT_PRODUCTS_DIR; };
/* End PBXFileReference section */

/* Begin PBXFrameworksBuildPhase section */
		601 /* Frameworks */ = {
			isa = PBXFrameworksBuildPhase;
			buildActionMask = 2147483647;
			files = (
				011 /* libopenxr_monado_unified.a in Frameworks */,
				012 /* ARKit.framework in Frameworks */,
				013 /* Metal.framework in Frameworks */,
				014 /* MetalKit.framework in Frameworks */,
				015 /* QuartzCore.framework in Frameworks */,
				016 /* AVFoundation.framework in Frameworks */,
				017 /* CoreMotion.framework in Frameworks */,
				018 /* Foundation.framework in Frameworks */,
				019 /* UIKit.framework in Frameworks */,
				020 /* libMoltenVK.a in Frameworks */,
				021 /* libopenxr_loader.dylib in Frameworks */,
				022 /* IOSurface.framework in Frameworks */,
				023 /* CoreGraphics.framework in Frameworks */,
			);
			runOnlyForDeploymentPostprocessing = 0;
		};
/* End PBXFrameworksBuildPhase section */

/* Begin PBXGroup section */
		701 = {
			isa = PBXGroup;
			children = (
				801 /* HelloXR */,
				901 /* Frameworks */,
				1001 /* Products */,
			);
			sourceTree = "<group>";
		};
		801 /* HelloXR */ = {
			isa = PBXGroup;
			children = (
				101 /* main.cpp */,
				102 /* openxr_program.cpp */,
				103 /* logger.cpp */,
				104 /* pch.cpp */,
				105 /* graphicsplugin_factory.cpp */,
				106 /* graphicsplugin_metal.cpp */,
				107 /* graphicsplugin_opengles.cpp */,
				108 /* graphicsplugin_vulkan.cpp */,
				109 /* platformplugin_factory.cpp */,
				110 /* platformplugin_posix.cpp */,
				401 /* Info.plist */,
			);
			sourceTree = "<group>";
		};
		901 /* Frameworks */ = {
			isa = PBXGroup;
			children = (
				201 /* libopenxr_monado_unified.a */,
				301 /* ARKit.framework */,
				302 /* Metal.framework */,
				303 /* MetalKit.framework */,
				304 /* QuartzCore.framework */,
				305 /* AVFoundation.framework */,
				306 /* CoreMotion.framework */,
				307 /* Foundation.framework */,
				308 /* UIKit.framework */,
				309 /* libMoltenVK.a */,
				310 /* libopenxr_loader.dylib */,
				311 /* IOSurface.framework */,
				312 /* CoreGraphics.framework */,
			);
			name = Frameworks;
			sourceTree = "<group>";
		};
		1001 /* Products */ = {
			isa = PBXGroup;
			children = (
				501 /* HelloXR.app */,
			);
			name = Products;
			sourceTree = "<group>";
		};
/* End PBXGroup section */

/* Begin PBXNativeTarget section */
		1101 /* HelloXR */ = {
			isa = PBXNativeTarget;
			buildConfigurationList = 1201 /* Build configuration list for PBXNativeTarget "HelloXR" */;
			buildPhases = (
				1301 /* Sources */,
				601 /* Frameworks */,
				1401 /* Resources */,
			);
			buildRules = (
			);
			dependencies = (
			);
			name = HelloXR;
			productName = HelloXR;
			productReference = 501 /* HelloXR.app */;
			productType = "com.apple.product-type.application";
		};
/* End PBXNativeTarget section */

/* Begin PBXProject section */
		1501 /* Project object */ = {
			isa = PBXProject;
			attributes = {
				BuildIndependentTargetsInParallel = 1;
				LastUpgradeCheck = 1500;
				TargetAttributes = {
					1101 = {
						CreatedOnToolsVersion = 15.0;
					};
				};
			};
			buildConfigurationList = 1502 /* Build configuration list for PBXProject "HelloXR" */;
			compatibilityVersion = "Xcode 14.0";
			developmentRegion = en;
			hasScannedForEncodings = 0;
			knownRegions = (
				en,
				Base,
			);
			mainGroup = 701;
			productRefGroup = 1001 /* Products */;
			projectDirPath = "";
			projectRoot = "";
			targets = (
				1101 /* HelloXR */,
			);
		};
/* End PBXProject section */

/* Begin PBXResourcesBuildPhase section */
		1401 /* Resources */ = {
			isa = PBXResourcesBuildPhase;
			buildActionMask = 2147483647;
			files = (
					);
			runOnlyForDeploymentPostprocessing = 0;
		};
/* End PBXResourcesBuildPhase section */

/* Begin PBXSourcesBuildPhase section */
		1301 /* Sources */ = {
			isa = PBXSourcesBuildPhase;
			buildActionMask = 2147483647;
			files = (
				001 /* main.cpp in Sources */,
				002 /* openxr_program.cpp in Sources */,
				003 /* logger.cpp in Sources */,
				004 /* pch.cpp in Sources */,
				005 /* graphicsplugin_factory.cpp in Sources */,
				006 /* graphicsplugin_metal.cpp in Sources */,
				007 /* graphicsplugin_opengles.cpp in Sources */,
				008 /* graphicsplugin_vulkan.cpp in Sources */,
				009 /* platformplugin_factory.cpp in Sources */,
				010 /* platformplugin_posix.cpp in Sources */,
			);
			runOnlyForDeploymentPostprocessing = 0;
		};
/* End PBXSourcesBuildPhase section */

/* Begin XCBuildConfiguration section */
		1601 /* Debug */ = {
			isa = XCBuildConfiguration;
			buildSettings = {
				ALWAYS_SEARCH_USER_PATHS = NO;
				ASSETCATALOG_COMPILER_GENERATE_SWIFT_ASSET_SYMBOL_EXTENSIONS = YES;
				CLANG_ANALYZER_NONNULL = YES;
				CLANG_ANALYZER_NUMBER_OBJECT_CONVERSION = YES_AGGRESSIVE;
				CLANG_CXX_LANGUAGE_STANDARD = "gnu++20";
				CLANG_ENABLE_MODULES = YES;
				CLANG_ENABLE_OBJC_ARC = YES;
				CLANG_ENABLE_OBJC_WEAK = YES;
				CLANG_WARN_BLOCK_CAPTURE_AUTORELEASING = YES;
				CLANG_WARN_BOOL_CONVERSION = YES;
				CLANG_WARN_COMMA = YES;
				CLANG_WARN_CONSTANT_CONVERSION = YES;
				CLANG_WARN_DEPRECATED_OBJC_IMPLEMENTATIONS = YES;
				CLANG_WARN_DIRECT_OBJC_ISA_USAGE = YES_ERROR;
				CLANG_WARN_DOCUMENTATION_COMMENTS = YES;
				CLANG_WARN_EMPTY_BODY = YES;
				CLANG_WARN_ENUM_CONVERSION = YES;
				CLANG_WARN_INFINITE_RECURSION = YES;
				CLANG_WARN_INT_CONVERSION = YES;
				CLANG_WARN_NON_LITERAL_NULL_CONVERSION = YES;
				CLANG_WARN_OBJC_IMPLICIT_RETAIN_SELF = YES;
				CLANG_WARN_OBJC_LITERAL_CONVERSION = YES;
				CLANG_WARN_OBJC_ROOT_CLASS = YES_ERROR;
				CLANG_WARN_QUOTED_INCLUDE_IN_FRAMEWORK_HEADER = YES;
				CLANG_WARN_RANGE_LOOP_ANALYSIS = YES;
				CLANG_WARN_STRICT_PROTOTYPES = YES;
				CLANG_WARN_SUSPICIOUS_MOVE = YES;
				CLANG_WARN_UNGUARDED_AVAILABILITY = YES_AGGRESSIVE;
				CLANG_WARN_UNREACHABLE_CODE = YES;
				CLANG_WARN__DUPLICATE_METHOD_MATCH = YES;
				COPY_PHASE_STRIP = NO;
				DEBUG_INFORMATION_FORMAT = dwarf;
				ENABLE_STRICT_OBJC_MSGSEND = YES;
				ENABLE_TESTABILITY = YES;
				ENABLE_USER_SCRIPT_SANDBOXING = YES;
				GCC_C_LANGUAGE_STANDARD = gnu17;
				GCC_DYNAMIC_NO_PIC = NO;
				GCC_NO_COMMON_BLOCKS = YES;
				GCC_OPTIMIZATION_LEVEL = 0;
				GCC_PREPROCESSOR_DEFINITIONS = (
					"DEBUG=1",
					"$(inherited)",
				);
				GCC_WARN_64_TO_32_BIT_CONVERSION = YES;
				GCC_WARN_ABOUT_RETURN_TYPE = YES_ERROR;
				GCC_WARN_UNDECLARED_SELECTOR = YES;
				GCC_WARN_UNINITIALIZED_AUTOS = YES_AGGRESSIVE;
				GCC_WARN_UNUSED_FUNCTION = YES;
				GCC_WARN_UNUSED_VARIABLE = YES;
				IPHONEOS_DEPLOYMENT_TARGET = 17.0;
				LOCALIZATION_PREFERS_STRING_CATALOGS = YES;
				MTL_ENABLE_DEBUG_INFO = INCLUDE_SOURCE;
				MTL_FAST_MATH = YES;
				ONLY_ACTIVE_ARCH = YES;
				SDKROOT = iphoneos;
			};
			name = Debug;
		};
		1602 /* Release */ = {
			isa = XCBuildConfiguration;
			buildSettings = {
				ALWAYS_SEARCH_USER_PATHS = NO;
				ASSETCATALOG_COMPILER_GENERATE_SWIFT_ASSET_SYMBOL_EXTENSIONS = YES;
				CLANG_ANALYZER_NONNULL = YES;
				CLANG_ANALYZER_NUMBER_OBJECT_CONVERSION = YES_AGGRESSIVE;
				CLANG_CXX_LANGUAGE_STANDARD = "gnu++20";
				CLANG_ENABLE_MODULES = YES;
				CLANG_ENABLE_OBJC_ARC = YES;
				CLANG_ENABLE_OBJC_WEAK = YES;
				CLANG_WARN_BLOCK_CAPTURE_AUTORELEASING = YES;
				CLANG_WARN_BOOL_CONVERSION = YES;
				CLANG_WARN_COMMA = YES;
				CLANG_WARN_CONSTANT_CONVERSION = YES;
				CLANG_WARN_DEPRECATED_OBJC_IMPLEMENTATIONS = YES;
				CLANG_WARN_DIRECT_OBJC_ISA_USAGE = YES_ERROR;
				CLANG_WARN_DOCUMENTATION_COMMENTS = YES;
				CLANG_WARN_EMPTY_BODY = YES;
				CLANG_WARN_ENUM_CONVERSION = YES;
				CLANG_WARN_INFINITE_RECURSION = YES;
				CLANG_WARN_INT_CONVERSION = YES;
				CLANG_WARN_NON_LITERAL_NULL_CONVERSION = YES;
				CLANG_WARN_OBJC_IMPLICIT_RETAIN_SELF = YES;
				CLANG_WARN_OBJC_LITERAL_CONVERSION = YES;
				CLANG_WARN_OBJC_ROOT_CLASS = YES_ERROR;
				CLANG_WARN_QUOTED_INCLUDE_IN_FRAMEWORK_HEADER = YES;
				CLANG_WARN_RANGE_LOOP_ANALYSIS = YES;
				CLANG_WARN_STRICT_PROTOTYPES = YES;
				CLANG_WARN_SUSPICIOUS_MOVE = YES;
				CLANG_WARN_UNGUARDED_AVAILABILITY = YES_AGGRESSIVE;
				CLANG_WARN_UNREACHABLE_CODE = YES;
				CLANG_WARN__DUPLICATE_METHOD_MATCH = YES;
				COPY_PHASE_STRIP = NO;
				DEBUG_INFORMATION_FORMAT = "dwarf-with-dsym";
				ENABLE_NS_ASSERTIONS = NO;
				ENABLE_STRICT_OBJC_MSGSEND = YES;
				ENABLE_USER_SCRIPT_SANDBOXING = YES;
				GCC_C_LANGUAGE_STANDARD = gnu17;
				GCC_NO_COMMON_BLOCKS = YES;
				GCC_WARN_64_TO_32_BIT_CONVERSION = YES;
				GCC_WARN_ABOUT_RETURN_TYPE = YES_ERROR;
				GCC_WARN_UNDECLARED_SELECTOR = YES;
				GCC_WARN_UNINITIALIZED_AUTOS = YES_AGGRESSIVE;
				GCC_WARN_UNUSED_FUNCTION = YES;
				GCC_WARN_UNUSED_VARIABLE = YES;
				IPHONEOS_DEPLOYMENT_TARGET = 17.0;
				LOCALIZATION_PREFERS_STRING_CATALOGS = YES;
				MTL_ENABLE_DEBUG_INFO = NO;
				MTL_FAST_MATH = YES;
				SDKROOT = iphoneos;
				VALIDATE_PRODUCT = YES;
			};
			name = Release;
		};
		1603 /* Debug */ = {
			isa = XCBuildConfiguration;
			buildSettings = {
				ASSETCATALOG_COMPILER_APPICON_NAME = AppIcon;
				ASSETCATALOG_COMPILER_GLOBAL_ACCENT_COLOR_NAME = AccentColor;
				CODE_SIGN_STYLE = Automatic;
				CURRENT_PROJECT_VERSION = 1;
				DEVELOPMENT_TEAM = "";
				CODE_SIGN_IDENTITY = "";
				GENERATE_INFOPLIST_FILE = NO;
				INFOPLIST_FILE = Info.plist;
				INFOPLIST_KEY_UIApplicationSupportsIndirectInputEvents = YES;
				INFOPLIST_KEY_UILaunchStoryboardName = LaunchScreen;
				INFOPLIST_KEY_UIMainStoryboardFile = Main;
				INFOPLIST_KEY_UISupportedInterfaceOrientations_iPad = "UIInterfaceOrientationPortrait UIInterfaceOrientationPortraitUpsideDown UIInterfaceOrientationLandscapeLeft UIInterfaceOrientationLandscapeRight";
				INFOPLIST_KEY_UISupportedInterfaceOrientations_iPhone = "UIInterfaceOrientationPortrait UIInterfaceOrientationLandscapeLeft UIInterfaceOrientationLandscapeRight";
				IPHONEOS_DEPLOYMENT_TARGET = 17.0;
				LD_RUNPATH_SEARCH_PATHS = (
					"$(inherited)",
					"@executable_path/Frameworks",
				);
				MARKETING_VERSION = 1.0;
				PRODUCT_BUNDLE_IDENTIFIER = org.khronos.openxr.HelloXR;
				PRODUCT_NAME = "$(TARGET_NAME)";
				SWIFT_EMIT_LOC_STRINGS = YES;
				TARGETED_DEVICE_FAMILY = "1,2";
				HEADER_SEARCH_PATHS = (
					"$(inherited)",
					"$(PROJECT_DIR)/../../..",
					"$(PROJECT_DIR)/../../../common",
					"$(PROJECT_DIR)/../../../external/metal-cpp",
					"$(PROJECT_DIR)/../../../external/include",
					"$(PROJECT_DIR)/../../../..",
					"$(PROJECT_DIR)/../../../../include",
					"$(PROJECT_DIR)/../../../../external/include",
					"$(PROJECT_DIR)/../../../../build/include",
					"$(PROJECT_DIR)/../../../../build/include/openxr",
					"$(PROJECT_DIR)/../../../../external/MoltenVK/MoltenVK/include",
					"/opt/homebrew/Cellar/vulkan-headers/1.4.320/include",
				);
				LIBRARY_SEARCH_PATHS = (
					"$(inherited)",
					"$(PROJECT_DIR)",
					"$(PROJECT_DIR)/../../../../build/src/loader",
					"$(PROJECT_DIR)/../../../../external/MoltenVK/MoltenVK/static/MoltenVK.xcframework/ios-arm64",
				);
				OTHER_CPLUSPLUSFLAGS = (
					"$(OTHER_CFLAGS)",
					"-std=c++17",
				);
				GCC_PREPROCESSOR_DEFINITIONS = (
					"DEBUG=1",
					"$(inherited)",
					"XR_USE_PLATFORM_IOS=1",
					"XR_OS_APPLE=1",
					"XR_USE_GRAPHICS_API_VULKAN=1",
					"DEFAULT_GRAPHICS_PLUGIN_VULKAN=1",
				);
			};
			name = Debug;
		};
		1604 /* Release */ = {
			isa = XCBuildConfiguration;
			buildSettings = {
				ASSETCATALOG_COMPILER_APPICON_NAME = AppIcon;
				ASSETCATALOG_COMPILER_GLOBAL_ACCENT_COLOR_NAME = AccentColor;
				CODE_SIGN_STYLE = Automatic;
				CURRENT_PROJECT_VERSION = 1;
				DEVELOPMENT_TEAM = "";
				CODE_SIGN_IDENTITY = "";
				GENERATE_INFOPLIST_FILE = NO;
				INFOPLIST_FILE = Info.plist;
				INFOPLIST_KEY_UIApplicationSupportsIndirectInputEvents = YES;
				INFOPLIST_KEY_UILaunchStoryboardName = LaunchScreen;
				INFOPLIST_KEY_UIMainStoryboardFile = Main;
				INFOPLIST_KEY_UISupportedInterfaceOrientations_iPad = "UIInterfaceOrientationPortrait UIInterfaceOrientationPortraitUpsideDown UIInterfaceOrientationLandscapeLeft UIInterfaceOrientationLandscapeRight";
				INFOPLIST_KEY_UISupportedInterfaceOrientations_iPhone = "UIInterfaceOrientationPortrait UIInterfaceOrientationLandscapeLeft UIInterfaceOrientationLandscapeRight";
				IPHONEOS_DEPLOYMENT_TARGET = 17.0;
				LD_RUNPATH_SEARCH_PATHS = (
					"$(inherited)",
					"@executable_path/Frameworks",
				);
				MARKETING_VERSION = 1.0;
				PRODUCT_BUNDLE_IDENTIFIER = org.khronos.openxr.HelloXR;
				PRODUCT_NAME = "$(TARGET_NAME)";
				SWIFT_EMIT_LOC_STRINGS = YES;
				TARGETED_DEVICE_FAMILY = "1,2";
				HEADER_SEARCH_PATHS = (
					"$(inherited)",
					"$(PROJECT_DIR)/../../..",
					"$(PROJECT_DIR)/../../../common",
					"$(PROJECT_DIR)/../../../external/metal-cpp",
					"$(PROJECT_DIR)/../../../external/include",
					"$(PROJECT_DIR)/../../../..",
					"$(PROJECT_DIR)/../../../../include",
					"$(PROJECT_DIR)/../../../../external/include",
					"$(PROJECT_DIR)/../../../../build/include",
					"$(PROJECT_DIR)/../../../../build/include/openxr",
					"$(PROJECT_DIR)/../../../../external/MoltenVK/MoltenVK/include",
					"/opt/homebrew/Cellar/vulkan-headers/1.4.320/include",
				);
				LIBRARY_SEARCH_PATHS = (
					"$(inherited)",
					"$(PROJECT_DIR)",
					"$(PROJECT_DIR)/../../../../build/src/loader",
					"$(PROJECT_DIR)/../../../../external/MoltenVK/MoltenVK/static/MoltenVK.xcframework/ios-arm64",
				);
				OTHER_CPLUSPLUSFLAGS = (
					"$(OTHER_CFLAGS)",
					"-std=c++17",
				);
				GCC_PREPROCESSOR_DEFINITIONS = (
					"$(inherited)",
					"XR_USE_PLATFORM_IOS=1",
					"XR_OS_APPLE=1",
					"XR_USE_GRAPHICS_API_VULKAN=1",
					"DEFAULT_GRAPHICS_PLUGIN_VULKAN=1",
				);
			};
			name = Release;
		};
/* End XCBuildConfiguration section */

/* Begin XCConfigurationList section */
		1201 /* Build configuration list for PBXNativeTarget "HelloXR" */ = {
			isa = XCConfigurationList;
			buildConfigurations = (
				1603 /* Debug */,
				1604 /* Release */,
			);
			defaultConfigurationIsVisible = 0;
			defaultConfigurationName = Release;
		};
		1502 /* Build configuration list for PBXProject "HelloXR" */ = {
			isa = XCConfigurationList;
			buildConfigurations = (
				1601 /* Debug */,
				1602 /* Release */,
			);
			defaultConfigurationIsVisible = 0;
			defaultConfigurationName = Release;
		};
/* End XCConfigurationList section */
	};
	rootObject = 1501 /* Project object */;
}